
Microsoft Visual Studio Solution File, Format Version 12.00
# Visual Studio 15
VisualStudioVersion = 15.0.28010.2050
MinimumVisualStudioVersion = 10.0.40219.1
Project("{FAE04EC0-301F-11D3-BF4B-00C04F79EFBC}") = "BookList", "BookList\BookList.csproj", "{4D0B3ED7-E474-4582-9238-DEACEFD57265}"
EndProject
Global
	GlobalSection(SolutionConfigurationPlatforms) = preSolution
		Debug|Any CPU = Debug|Any CPU
		Release|Any CPU = Release|Any CPU
	EndGlobalSection
	GlobalSection(ProjectConfigurationPlatforms) = postSolution
		{4D0B3ED7-E474-4582-9238-DEACEFD57265}.Debug|Any CPU.ActiveCfg = Debug|Any CPU
		{4D0B3ED7-E474-4582-9238-DEACEFD57265}.Debug|Any CPU.Build.0 = Debug|Any CPU
		{4D0B3ED7-E474-4582-9238-DEACEFD57265}.Release|Any CPU.ActiveCfg = Release|Any CPU
		{4D0B3ED7-E474-4582-9238-DEACEFD57265}.Release|Any CPU.Build.0 = Release|Any CPU
	EndGlobalSection
	GlobalSection(SolutionProperties) = preSolution
		HideSolutionNode = FALSE
	EndGlobalSection
	GlobalSection(ExtensibilityGlobals) = postSolution
		SolutionGuid = {C638096D-9EA1-4020-873C-66CF06916CB7}
	EndGlobalSection
EndGlobal
